<?xml version="1.0" encoding="utf-8"?>
<Project ToolsVersion="4.0" xmlns="http://schemas.microsoft.com/developer/msbuild/2003">
  <ItemGroup>
    <ClCompile Include="src\component.cpp" />
    <ClCompile Include="src\game-object.cpp" />
    <ClCompile Include="src\gamestate-sandbox.cpp" />
    <ClCompile Include="src\glapp.cpp" />
    <ClCompile Include="src\glhelper.cpp" />
    <ClCompile Include="src\glslshader.cpp" />
    <ClCompile Include="src\imgui\imgui.cpp" />
    <ClCompile Include="src\imgui\imgui_demo.cpp" />
    <ClCompile Include="src\imgui\imgui_draw.cpp" />
    <ClCompile Include="src\imgui\imgui_impl_glfw.cpp" />
    <ClCompile Include="src\imgui\imgui_impl_opengl3.cpp" />
    <ClCompile Include="src\imgui\imgui_tables.cpp" />
    <ClCompile Include="src\imgui\imgui_widgets.cpp" />
    <ClCompile Include="src\inspector.cpp" />
    <ClCompile Include="src\main.cpp" />
    <ClCompile Include="src\messageSystem.cpp" />
    <ClCompile Include="src\renderer.cpp" />
    <ClCompile Include="src\SAMPLE_RECEIVER.cpp" />
    <ClCompile Include="src\scene-manager.cpp" />
    <ClCompile Include="src\scene.cpp" />
    <ClCompile Include="src\pch.cpp" />
    <ClCompile Include="src\scripting.cpp" />
    <ClCompile Include="src\scriptingEngine.cpp" />
    <ClCompile Include="src\state-manager.cpp" />
    <ClCompile Include="src\system-interface.cpp" />
    <ClCompile Include="src\transform.cpp" />
    <ClCompile Include="src\windows-input.cpp" />
    <ClCompile Include="src\frameratecontroller.cpp" />
    <ClCompile Include="src\math-library.cpp" />
    <ClCompile Include="src\serializer.cpp" />
  </ItemGroup>
  <ItemGroup>
    <ClInclude Include="include\compiler.h" />
    <ClInclude Include="include\component.h" />
    <ClInclude Include="include\file-path.h" />
    <ClInclude Include="include\game-object.h" />
    <ClInclude Include="include\gamestate-sandbox.h" />
    <ClInclude Include="include\glapp.h" />
    <ClInclude Include="include\glhelper.h" />
    <ClInclude Include="include\glslshader.h" />
    <ClInclude Include="include\input.h" />
    <ClInclude Include="include\inspector.h" />
    <ClInclude Include="include\message-system.h" />
    <ClInclude Include="include\message-types.h" />
    <ClInclude Include="include\pch.h" />
    <ClInclude Include="include\renderer.h" />
    <ClInclude Include="include\SAMPLE_RECEIVER.h" />
    <ClInclude Include="include\scene.h" />
    <ClInclude Include="include\scene-manager.h" />
    <ClInclude Include="include\scripting.h" />
    <ClInclude Include="include\scriptingEngine.h" />
    <ClInclude Include="include\state-manager.h" />
    <ClInclude Include="include\system-interface.h" />
    <ClInclude Include="include\transform.h" />
    <ClInclude Include="include\windows-input.h" />
    <ClInclude Include="include\serializer.h" />
    <ClInclude Include="include\math-library.h" />
    <ClInclude Include="include\frameratecontroller.h" />
  </ItemGroup>
  <ItemGroup>
    <None Include="Assets\shaders\shader-glsl.frag" />
    <None Include="Assets\shaders\shader-glsl.vert" />
  </ItemGroup>
</Project>